
Microsoft Visual Studio Solution File, Format Version 12.00
# Visual Studio Version 17
VisualStudioVersion = 17.4.33205.214
MinimumVisualStudioVersion = 10.0.40219.1
Project("{FAE04EC0-301F-11D3-BF4B-00C04F79EFBC}") = "Loops", "Loops.csproj", "{276A8DFB-6C86-492B-8417-E8D4E0FD38D9}"
EndProject
Global
	GlobalSection(SolutionConfigurationPlatforms) = preSolution
		Debug|Any CPU = Debug|Any CPU
		Release|Any CPU = Release|Any CPU
	EndGlobalSection
	GlobalSection(ProjectConfigurationPlatforms) = postSolution
		{276A8DFB-6C86-492B-8417-E8D4E0FD38D9}.Debug|Any CPU.ActiveCfg = Debug|Any CPU
		{276A8DFB-6C86-492B-8417-E8D4E0FD38D9}.Debug|Any CPU.Build.0 = Debug|Any CPU
		{276A8DFB-6C86-492B-8417-E8D4E0FD38D9}.Release|Any CPU.ActiveCfg = Release|Any CPU
		{276A8DFB-6C86-492B-8417-E8D4E0FD38D9}.Release|Any CPU.Build.0 = Release|Any CPU
	EndGlobalSection
	GlobalSection(SolutionProperties) = preSolution
		HideSolutionNode = FALSE
	EndGlobalSection
	GlobalSection(ExtensibilityGlobals) = postSolution
		SolutionGuid = {3500C450-0C40-4B05-9C06-12104A9EDB50}
	EndGlobalSection
EndGlobal
